Microsoft Visual Studio Solution File, Format Version 12.00
# Visual Studio Version 17
VisualStudioVersion = 17.5.2.0
MinimumVisualStudioVersion = 10.0.40219.1
Project("{FAE04EC0-301F-11D3-BF4B-00C04F79EFBC}") = "KalkulatorApp", "KalkulatorApp\KalkulatorApp.csproj", "{7B792295-AE97-EE32-CDDD-1BDB7E03736A}"
EndProject
Global
	GlobalSection(SolutionConfigurationPlatforms) = preSolution
		Debug|Any CPU = Debug|Any CPU
		Release|Any CPU = Release|Any CPU
	EndGlobalSection
	GlobalSection(ProjectConfigurationPlatforms) = postSolution
		{7B792295-AE97-EE32-CDDD-1BDB7E03736A}.Debug|Any CPU.ActiveCfg = Debug|Any CPU
		{7B792295-AE97-EE32-CDDD-1BDB7E03736A}.Debug|Any CPU.Build.0 = Debug|Any CPU
		{7B792295-AE97-EE32-CDDD-1BDB7E03736A}.Release|Any CPU.ActiveCfg = Release|Any CPU
		{7B792295-AE97-EE32-CDDD-1BDB7E03736A}.Release|Any CPU.Build.0 = Release|Any CPU
	EndGlobalSection
	GlobalSection(SolutionProperties) = preSolution
		HideSolutionNode = FALSE
	EndGlobalSection
	GlobalSection(ExtensibilityGlobals) = postSolution
		SolutionGuid = {DE63F020-2B6D-455D-B42E-EF2E78DCFF29}
	EndGlobalSection
EndGlobal
